# THIS IS AN AUTOGENERATED FILE. DO NOT EDIT THIS FILE DIRECTLY.
# yarn lockfile v1


"@cloudware-casper/casper-icons@^3.x":
  version "3.0.7"
  resolved "https://npm.pkg.github.com/download/@cloudware-casper/casper-icons/3.0.7/758797540c564467103fa065e88afc3f3a785dea9f944c5267882dffbe50b22b#371927b0444532a43450bd585be686b1099cf987"
  integrity sha512-Rq9jzbYqHijIJoNLcOSplShKeENES2vaGz4JA36fPhMg7PH6ESJZAm5XEzEo7thvT8xR6zFzZXtHZ/GaCyn8HA==
  dependencies:
    ink-ripple alex-saunders/ink-ripple
    lit "^2.0.0-rc.2"

"@lit-labs/ssr-dom-shim@^1.0.0", "@lit-labs/ssr-dom-shim@^1.1.0":
  version "1.1.1"
  resolved "https://registry.yarnpkg.com/@lit-labs/ssr-dom-shim/-/ssr-dom-shim-1.1.1.tgz#64df34e2f12e68e78ac57e571d25ec07fa460ca9"
  integrity sha512-kXOeFbfCm4fFf2A3WwVEeQj55tMZa8c8/f9AKHMobQMkzNUfUj+antR3fRPaZJawsa1aZiP/Da3ndpZrwEe4rQ==

"@lit/reactive-element@^1.0.0-rc.2":
  version "1.0.0-rc.4"
  resolved "https://registry.yarnpkg.com/@lit/reactive-element/-/reactive-element-1.0.0-rc.4.tgz#3473f6a687e9925fc2e9ff1b716a86b5f4b576ad"
  integrity sha512-dJMha+4NFYdpnUJzRrWTFV5Hdp9QHWFuPnaoqonrKl4lGJVnYez9mu8ev9F/5KM47tjAjh22DuRHrdFDHfOijA==

"@lit/reactive-element@^1.3.0", "@lit/reactive-element@^1.6.0":
  version "1.6.3"
  resolved "https://registry.yarnpkg.com/@lit/reactive-element/-/reactive-element-1.6.3.tgz#25b4eece2592132845d303e091bad9b04cdcfe03"
  integrity sha512-QuTgnG52Poic7uM1AN5yJ09QMe0O28e10XzSvWDz02TJiiKee4stsiownEIadWm8nYzyDAyT+gKzUoZmiWQtsQ==
  dependencies:
    "@lit-labs/ssr-dom-shim" "^1.0.0"

"@types/trusted-types@^2.0.2":
  version "2.0.2"
  resolved "https://registry.yarnpkg.com/@types/trusted-types/-/trusted-types-2.0.2.tgz#fc25ad9943bcac11cceb8168db4f275e0e72e756"
  integrity sha512-F5DIZ36YVLE+PN+Zwws4kJogq47hNgX3Nx6WyDJ3kcplxyke3XIzB8uK5n/Lpm1HBsbGzd6nmGehL8cPekP+Tg==

ink-ripple@alex-saunders/ink-ripple:
  version "0.0.0"
  resolved "https://codeload.github.com/alex-saunders/ink-ripple/tar.gz/88e4d753bba9f7b57b372c62a4517bb091c7f713"

lit-element@^3.0.0-rc.2:
  version "3.0.0-rc.4"
  resolved "https://registry.yarnpkg.com/lit-element/-/lit-element-3.0.0-rc.4.tgz#71abe4e38bbcafb9e8977798121634db331868e4"
  integrity sha512-6X7RCHTNhAWetVSr8VccALnRcn3W3VDqOfjY5cAfyfGq8Y9IbWnyBP8/ihpRg2atHbM2NsGL6pjDrFL9dRdIKg==
  dependencies:
    "@lit/reactive-element" "^1.0.0-rc.2"
    lit-html "^2.0.0-rc.4"

lit-element@^3.3.0:
  version "3.3.3"
  resolved "https://registry.yarnpkg.com/lit-element/-/lit-element-3.3.3.tgz#10bc19702b96ef5416cf7a70177255bfb17b3209"
  integrity sha512-XbeRxmTHubXENkV4h8RIPyr8lXc+Ff28rkcQzw3G6up2xg5E8Zu1IgOWIwBLEQsu3cOVFqdYwiVi0hv0SlpqUA==
  dependencies:
    "@lit-labs/ssr-dom-shim" "^1.1.0"
    "@lit/reactive-element" "^1.3.0"
    lit-html "^2.8.0"

lit-html@^2.0.0-rc.4:
  version "2.0.0-rc.5"
  resolved "https://registry.yarnpkg.com/lit-html/-/lit-html-2.0.0-rc.5.tgz#2051f79418bc244853b6e1d93fdf3833cab2cadb"
  integrity sha512-vFnjzqwQijC9By5F50c3sjI5PXPYoIvbGfpbbDOv+8BBRYdMR+FDYyMeCC3T3iIZx8EE6aIow2aTaG+HS5SV4A==
  dependencies:
    "@types/trusted-types" "^2.0.2"

lit-html@^2.8.0:
  version "2.8.0"
  resolved "https://registry.yarnpkg.com/lit-html/-/lit-html-2.8.0.tgz#96456a4bb4ee717b9a7d2f94562a16509d39bffa"
  integrity sha512-o9t+MQM3P4y7M7yNzqAyjp7z+mQGa4NS4CxiyLqFPyFWyc4O+nodLrkrxSaCTrla6M5YOLaT3RpbbqjszB5g3Q==
  dependencies:
    "@types/trusted-types" "^2.0.2"

lit@^2.0.0-rc.2:
  version "2.0.0-rc.4"
  resolved "https://registry.yarnpkg.com/lit/-/lit-2.0.0-rc.4.tgz#ea9eb44fa5cc974b7af4a45f8d82172d0b3f9c26"
  integrity sha512-HPJrSvK377a1E5eSAUG+eTJWIOJFGNtnfbGPHY4vbc0Ud9GTFSwMEbeAOIJnA+5q92cafR38F1bWOyo4a2ncag==
  dependencies:
    "@lit/reactive-element" "^1.0.0-rc.2"
    lit-element "^3.0.0-rc.2"
    lit-html "^2.0.0-rc.4"

lit@^2.x:
  version "2.8.0"
  resolved "https://registry.yarnpkg.com/lit/-/lit-2.8.0.tgz#4d838ae03059bf9cafa06e5c61d8acc0081e974e"
  integrity sha512-4Sc3OFX9QHOJaHbmTMk28SYgVxLN3ePDjg7hofEft2zWlehFL3LiAuapWc4U/kYwMYJSh2hTCPZ6/LIC7ii0MA==
  dependencies:
    "@lit/reactive-element" "^1.6.0"
    lit-element "^3.3.0"
    lit-html "^2.8.0"
